PODS:
  - Flutter (1.0.0)
  - geolocator_apple (1.2.0):
    - Flutter
    - FlutterMacOS
  - google_navigation_flutter (0.0.1):
    - Flutter
    - GoogleNavigation (= 9.4.0)
  - GoogleMaps (9.4.0):
    - GoogleMaps/Maps (= 9.4.0)
  - GoogleMaps/Maps (9.4.0)
  - GoogleNavigation (9.4.0):
    - GoogleMaps (= 9.4.0)
  - path_provider_foundation (0.0.1):
    - Flutter
    - FlutterMacOS
  - share_plus (0.0.1):
    - Flutter
  - shared_preferences_foundation (0.0.1):
    - Flutter
    - FlutterMacOS

DEPENDENCIES:
  - Flutter (from `Flutter`)
  - geolocator_apple (from `.symlinks/plugins/geolocator_apple/darwin`)
  - google_navigation_flutter (from `.symlinks/plugins/google_navigation_flutter/ios`)
  - path_provider_foundation (from `.symlinks/plugins/path_provider_foundation/darwin`)
  - share_plus (from `.symlinks/plugins/share_plus/ios`)
  - shared_preferences_foundation (from `.symlinks/plugins/shared_preferences_foundation/darwin`)

SPEC REPOS:
  trunk:
    - GoogleMaps
    - GoogleNavigation

EXTERNAL SOURCES:
  Flutter:
    :path: Flutter
  geolocator_apple:
    :path: ".symlinks/plugins/geolocator_apple/darwin"
  google_navigation_flutter:
    :path: ".symlinks/plugins/google_navigation_flutter/ios"
  path_provider_foundation:
    :path: ".symlinks/plugins/path_provider_foundation/darwin"
  share_plus:
    :path: ".symlinks/plugins/share_plus/ios"
  shared_preferences_foundation:
    :path: ".symlinks/plugins/shared_preferences_foundation/darwin"

SPEC CHECKSUMS:
  Flutter: e0871f40cf51350855a761d2e70bf5af5b9b5de7
  geolocator_apple: ab36aa0e8b7d7a2d7639b3b4e48308394e8cef5e
  google_navigation_flutter: 05c5adcd47d74185cfb72bf1850fe5a48597a37e
  GoogleMaps: 0608099d4870cac8754bdba9b6953db543432438
  GoogleNavigation: 0266f7b622dcee64bef7d639394bb2c669158e12
  path_provider_foundation: 080d55be775b7414fd5a5ef3ac137b97b097e564
  share_plus: 50da8cb520a8f0f65671c6c6a99b3617ed10a58a
  shared_preferences_foundation: 9e1978ff2562383bd5676f64ec4e9aa8fa06a6f7

PODFILE CHECKSUM: 97b89f684bc54fcd8b6fe33c2053368c8183f076

COCOAPODS: 1.17.0
